
Microsoft Visual Studio Solution File, Format Version 12.00
# Visual Studio Version 17
VisualStudioVersion = 17.14.36511.14
MinimumVisualStudioVersion = 10.0.40219.1
Project("{FAE04EC0-301F-11D3-BF4B-00C04F79EFBC}") = "ForgeFolio", "ForgeFolio\ForgeFolio.csproj", "{615D4B22-657A-47F8-A01E-BC60D7F08F6A}"
EndProject
Project("{FAE04EC0-301F-11D3-BF4B-00C04F79EFBC}") = "ForgeFolio.Core", "ForgeFolio.Core\ForgeFolio.Core.csproj", "{6713643B-3FDA-4C7A-A2C4-70360522BCF2}"
EndProject
Project("{FAE04EC0-301F-11D3-BF4B-00C04F79EFBC}") = "ForgeFolio.Infrastructure", "ForgeFolio.Infrastructure\ForgeFolio.Infrastructure.csproj", "{161B8E48-5415-4B6A-B009-4DCA8131CAE5}"
EndProject
Global
	GlobalSection(SolutionConfigurationPlatforms) = preSolution
		Debug|Any CPU = Debug|Any CPU
		Debug|x64 = Debug|x64
		Debug|x86 = Debug|x86
		Release|Any CPU = Release|Any CPU
		Release|x64 = Release|x64
		Release|x86 = Release|x86
	EndGlobalSection
	GlobalSection(ProjectConfigurationPlatforms) = postSolution
		{615D4B22-657A-47F8-A01E-BC60D7F08F6A}.Debug|Any CPU.ActiveCfg = Debug|Any CPU
		{615D4B22-657A-47F8-A01E-BC60D7F08F6A}.Debug|Any CPU.Build.0 = Debug|Any CPU
		{615D4B22-657A-47F8-A01E-BC60D7F08F6A}.Debug|x64.ActiveCfg = Debug|Any CPU
		{615D4B22-657A-47F8-A01E-BC60D7F08F6A}.Debug|x64.Build.0 = Debug|Any CPU
		{615D4B22-657A-47F8-A01E-BC60D7F08F6A}.Debug|x86.ActiveCfg = Debug|Any CPU
		{615D4B22-657A-47F8-A01E-BC60D7F08F6A}.Debug|x86.Build.0 = Debug|Any CPU
		{615D4B22-657A-47F8-A01E-BC60D7F08F6A}.Release|Any CPU.ActiveCfg = Release|Any CPU
		{615D4B22-657A-47F8-A01E-BC60D7F08F6A}.Release|Any CPU.Build.0 = Release|Any CPU
		{615D4B22-657A-47F8-A01E-BC60D7F08F6A}.Release|x64.ActiveCfg = Release|Any CPU
		{615D4B22-657A-47F8-A01E-BC60D7F08F6A}.Release|x64.Build.0 = Release|Any CPU
		{615D4B22-657A-47F8-A01E-BC60D7F08F6A}.Release|x86.ActiveCfg = Release|Any CPU
		{615D4B22-657A-47F8-A01E-BC60D7F08F6A}.Release|x86.Build.0 = Release|Any CPU
		{6713643B-3FDA-4C7A-A2C4-70360522BCF2}.Debug|Any CPU.ActiveCfg = Debug|Any CPU
		{6713643B-3FDA-4C7A-A2C4-70360522BCF2}.Debug|Any CPU.Build.0 = Debug|Any CPU
		{6713643B-3FDA-4C7A-A2C4-70360522BCF2}.Debug|x64.ActiveCfg = Debug|Any CPU
		{6713643B-3FDA-4C7A-A2C4-70360522BCF2}.Debug|x64.Build.0 = Debug|Any CPU
		{6713643B-3FDA-4C7A-A2C4-70360522BCF2}.Debug|x86.ActiveCfg = Debug|Any CPU
		{6713643B-3FDA-4C7A-A2C4-70360522BCF2}.Debug|x86.Build.0 = Debug|Any CPU
		{6713643B-3FDA-4C7A-A2C4-70360522BCF2}.Release|Any CPU.ActiveCfg = Release|Any CPU
		{6713643B-3FDA-4C7A-A2C4-70360522BCF2}.Release|Any CPU.Build.0 = Release|Any CPU
		{6713643B-3FDA-4C7A-A2C4-70360522BCF2}.Release|x64.ActiveCfg = Release|Any CPU
		{6713643B-3FDA-4C7A-A2C4-70360522BCF2}.Release|x64.Build.0 = Release|Any CPU
		{6713643B-3FDA-4C7A-A2C4-70360522BCF2}.Release|x86.ActiveCfg = Release|Any CPU
		{6713643B-3FDA-4C7A-A2C4-70360522BCF2}.Release|x86.Build.0 = Release|Any CPU
		{161B8E48-5415-4B6A-B009-4DCA8131CAE5}.Debug|Any CPU.ActiveCfg = Debug|Any CPU
		{161B8E48-5415-4B6A-B009-4DCA8131CAE5}.Debug|Any CPU.Build.0 = Debug|Any CPU
		{161B8E48-5415-4B6A-B009-4DCA8131CAE5}.Debug|x64.ActiveCfg = Debug|Any CPU
		{161B8E48-5415-4B6A-B009-4DCA8131CAE5}.Debug|x64.Build.0 = Debug|Any CPU
		{161B8E48-5415-4B6A-B009-4DCA8131CAE5}.Debug|x86.ActiveCfg = Debug|Any CPU
		{161B8E48-5415-4B6A-B009-4DCA8131CAE5}.Debug|x86.Build.0 = Debug|Any CPU
		{161B8E48-5415-4B6A-B009-4DCA8131CAE5}.Release|Any CPU.ActiveCfg = Release|Any CPU
		{161B8E48-5415-4B6A-B009-4DCA8131CAE5}.Release|Any CPU.Build.0 = Release|Any CPU
		{161B8E48-5415-4B6A-B009-4DCA8131CAE5}.Release|x64.ActiveCfg = Release|Any CPU
		{161B8E48-5415-4B6A-B009-4DCA8131CAE5}.Release|x64.Build.0 = Release|Any CPU
		{161B8E48-5415-4B6A-B009-4DCA8131CAE5}.Release|x86.ActiveCfg = Release|Any CPU
		{161B8E48-5415-4B6A-B009-4DCA8131CAE5}.Release|x86.Build.0 = Release|Any CPU
	EndGlobalSection
	GlobalSection(SolutionProperties) = preSolution
		HideSolutionNode = FALSE
	EndGlobalSection
	GlobalSection(ExtensibilityGlobals) = postSolution
		SolutionGuid = {F0E075B3-7C35-44D8-8A8D-DD2522AF8CA6}
	EndGlobalSection
EndGlobal
